
Microsoft Visual Studio Solution File, Format Version 12.00
# Visual Studio Version 16
VisualStudioVersion = 16.0.30611.23
MinimumVisualStudioVersion = 10.0.40219.1
Project("{FAE04EC0-301F-11D3-BF4B-00C04F79EFBC}") = "Asteroids", "Asteroids.csproj", "{ED23A6C4-BF50-4FF0-A8E6-E60984B5508E}"
EndProject
Project("{FAE04EC0-301F-11D3-BF4B-00C04F79EFBC}") = "Employee", "..\Employee\Employee.csproj", "{1BA0863A-4EA4-4D9E-964C-AF43DDCE6505}"
EndProject
Global
	GlobalSection(SolutionConfigurationPlatforms) = preSolution
		Debug|Any CPU = Debug|Any CPU
		Release|Any CPU = Release|Any CPU
	EndGlobalSection
	GlobalSection(ProjectConfigurationPlatforms) = postSolution
		{ED23A6C4-BF50-4FF0-A8E6-E60984B5508E}.Debug|Any CPU.ActiveCfg = Debug|Any CPU
		{ED23A6C4-BF50-4FF0-A8E6-E60984B5508E}.Debug|Any CPU.Build.0 = Debug|Any CPU
		{ED23A6C4-BF50-4FF0-A8E6-E60984B5508E}.Release|Any CPU.ActiveCfg = Release|Any CPU
		{ED23A6C4-BF50-4FF0-A8E6-E60984B5508E}.Release|Any CPU.Build.0 = Release|Any CPU
		{1BA0863A-4EA4-4D9E-964C-AF43DDCE6505}.Debug|Any CPU.ActiveCfg = Debug|Any CPU
		{1BA0863A-4EA4-4D9E-964C-AF43DDCE6505}.Debug|Any CPU.Build.0 = Debug|Any CPU
		{1BA0863A-4EA4-4D9E-964C-AF43DDCE6505}.Release|Any CPU.ActiveCfg = Release|Any CPU
		{1BA0863A-4EA4-4D9E-964C-AF43DDCE6505}.Release|Any CPU.Build.0 = Release|Any CPU
	EndGlobalSection
	GlobalSection(SolutionProperties) = preSolution
		HideSolutionNode = FALSE
	EndGlobalSection
	GlobalSection(ExtensibilityGlobals) = postSolution
		SolutionGuid = {D8D436CC-31E0-4028-9245-575B9F53D27C}
	EndGlobalSection
EndGlobal
